
Microsoft Visual Studio Solution File, Format Version 12.00
# Visual Studio Version 17
VisualStudioVersion = 17.8.34408.163
MinimumVisualStudioVersion = 10.0.40219.1
Project("{9A19103F-16F7-4668-BE54-9A1E7A4F7556}") = "Taurus.Plugin.DistributedTask_Standard", "Taurus.Plugin.DistributedTask_Standard.csproj", "{6C3A7EB0-9FC8-4BC7-B0EE-3EEEDE310EC3}"
EndProject
Project("{9A19103F-16F7-4668-BE54-9A1E7A4F7556}") = "CYQ.Data_Standard", "..\..\..\cyqdata.git\cyqdata\src\CYQ.Data_Standard.csproj", "{1935B15D-85B8-4444-8B12-20B1ADFE8781}"
EndProject
Global
	GlobalSection(SolutionConfigurationPlatforms) = preSolution
		Debug|Any CPU = Debug|Any CPU
		Release|Any CPU = Release|Any CPU
	EndGlobalSection
	GlobalSection(ProjectConfigurationPlatforms) = postSolution
		{6C3A7EB0-9FC8-4BC7-B0EE-3EEEDE310EC3}.Debug|Any CPU.ActiveCfg = Debug|Any CPU
		{6C3A7EB0-9FC8-4BC7-B0EE-3EEEDE310EC3}.Debug|Any CPU.Build.0 = Debug|Any CPU
		{6C3A7EB0-9FC8-4BC7-B0EE-3EEEDE310EC3}.Release|Any CPU.ActiveCfg = Release|Any CPU
		{6C3A7EB0-9FC8-4BC7-B0EE-3EEEDE310EC3}.Release|Any CPU.Build.0 = Release|Any CPU
		{1935B15D-85B8-4444-8B12-20B1ADFE8781}.Debug|Any CPU.ActiveCfg = Debug|Any CPU
		{1935B15D-85B8-4444-8B12-20B1ADFE8781}.Debug|Any CPU.Build.0 = Debug|Any CPU
		{1935B15D-85B8-4444-8B12-20B1ADFE8781}.Release|Any CPU.ActiveCfg = Release|Any CPU
		{1935B15D-85B8-4444-8B12-20B1ADFE8781}.Release|Any CPU.Build.0 = Release|Any CPU
	EndGlobalSection
	GlobalSection(SolutionProperties) = preSolution
		HideSolutionNode = FALSE
	EndGlobalSection
	GlobalSection(ExtensibilityGlobals) = postSolution
		SolutionGuid = {95E8B3F5-768A-4072-B704-88EF76F2F786}
	EndGlobalSection
EndGlobal
