
Microsoft Visual Studio Solution File, Format Version 12.00
# Visual Studio Version 17
VisualStudioVersion = 17.8.34408.163
MinimumVisualStudioVersion = 10.0.40219.1
Project("{9A19103F-16F7-4668-BE54-9A1E7A4F7556}") = "Taurus.Plugin.DistributedTask_NetCore", "Taurus.Plugin.DistributedTask_NetCore.csproj", "{F8D10E9D-A3BE-45E2-A0A3-C60C546A2920}"
EndProject
Project("{9A19103F-16F7-4668-BE54-9A1E7A4F7556}") = "CYQ.Data_NetCore", "..\..\..\cyqdata.git\cyqdata\src\CYQ.Data_NetCore.csproj", "{0510549F-8A74-4FDA-8199-EBE38782C3E3}"
EndProject
Global
	GlobalSection(SolutionConfigurationPlatforms) = preSolution
		Debug|Any CPU = Debug|Any CPU
		Release|Any CPU = Release|Any CPU
	EndGlobalSection
	GlobalSection(ProjectConfigurationPlatforms) = postSolution
		{F8D10E9D-A3BE-45E2-A0A3-C60C546A2920}.Debug|Any CPU.ActiveCfg = Debug|Any CPU
		{F8D10E9D-A3BE-45E2-A0A3-C60C546A2920}.Debug|Any CPU.Build.0 = Debug|Any CPU
		{F8D10E9D-A3BE-45E2-A0A3-C60C546A2920}.Release|Any CPU.ActiveCfg = Release|Any CPU
		{F8D10E9D-A3BE-45E2-A0A3-C60C546A2920}.Release|Any CPU.Build.0 = Release|Any CPU
		{0510549F-8A74-4FDA-8199-EBE38782C3E3}.Debug|Any CPU.ActiveCfg = Debug|Any CPU
		{0510549F-8A74-4FDA-8199-EBE38782C3E3}.Debug|Any CPU.Build.0 = Debug|Any CPU
		{0510549F-8A74-4FDA-8199-EBE38782C3E3}.Release|Any CPU.ActiveCfg = Release|Any CPU
		{0510549F-8A74-4FDA-8199-EBE38782C3E3}.Release|Any CPU.Build.0 = Release|Any CPU
	EndGlobalSection
	GlobalSection(SolutionProperties) = preSolution
		HideSolutionNode = FALSE
	EndGlobalSection
	GlobalSection(ExtensibilityGlobals) = postSolution
		SolutionGuid = {85AA3A31-17A0-435C-BFC1-3471621D1A0C}
	EndGlobalSection
EndGlobal
